
Microsoft Visual Studio Solution File, Format Version 12.00
# Visual Studio Version 17
VisualStudioVersion = 17.5.002.0
MinimumVisualStudioVersion = 10.0.40219.1
Project("{9A19103F-16F7-4668-BE54-9A1E7A4F7556}") = "Dawnsbury.Mods.DawnniExpanded", "Dawnsbury.Mods.DawnniExpanded.csproj", "{BC3026F6-99D6-4042-87FB-C7A249451373}"
EndProject
Global
	GlobalSection(SolutionConfigurationPlatforms) = preSolution
		Debug|Any CPU = Debug|Any CPU
		Release|Any CPU = Release|Any CPU
	EndGlobalSection
	GlobalSection(ProjectConfigurationPlatforms) = postSolution
		{BC3026F6-99D6-4042-87FB-C7A249451373}.Debug|Any CPU.ActiveCfg = Debug|Any CPU
		{BC3026F6-99D6-4042-87FB-C7A249451373}.Debug|Any CPU.Build.0 = Debug|Any CPU
		{BC3026F6-99D6-4042-87FB-C7A249451373}.Release|Any CPU.ActiveCfg = Release|Any CPU
		{BC3026F6-99D6-4042-87FB-C7A249451373}.Release|Any CPU.Build.0 = Release|Any CPU
	EndGlobalSection
	GlobalSection(SolutionProperties) = preSolution
		HideSolutionNode = FALSE
	EndGlobalSection
	GlobalSection(ExtensibilityGlobals) = postSolution
		SolutionGuid = {108A196D-19C0-4DD6-BC9C-568CEF8041E6}
	EndGlobalSection
EndGlobal
